Microsoft Visual Studio Solution File, Format Version 12.00
# Visual Studio Version 17
VisualStudioVersion = 17.5.2.0
MinimumVisualStudioVersion = 10.0.40219.1
Project("{FAE04EC0-301F-11D3-BF4B-00C04F79EFBC}") = "ShopWise-AI-Frontend", "ShopWise-AI-Frontend.csproj", "{8719CABD-92D4-3CD0-7510-2F596F44F20E}"
EndProject
Global
	GlobalSection(SolutionConfigurationPlatforms) = preSolution
		Debug|Any CPU = Debug|Any CPU
		Release|Any CPU = Release|Any CPU
	EndGlobalSection
	GlobalSection(ProjectConfigurationPlatforms) = postSolution
		{8719CABD-92D4-3CD0-7510-2F596F44F20E}.Debug|Any CPU.ActiveCfg = Debug|Any CPU
		{8719CABD-92D4-3CD0-7510-2F596F44F20E}.Debug|Any CPU.Build.0 = Debug|Any CPU
		{8719CABD-92D4-3CD0-7510-2F596F44F20E}.Release|Any CPU.ActiveCfg = Release|Any CPU
		{8719CABD-92D4-3CD0-7510-2F596F44F20E}.Release|Any CPU.Build.0 = Release|Any CPU
	EndGlobalSection
	GlobalSection(SolutionProperties) = preSolution
		HideSolutionNode = FALSE
	EndGlobalSection
	GlobalSection(ExtensibilityGlobals) = postSolution
		SolutionGuid = {00A67E00-DCCA-4D26-AE52-5B9500744076}
	EndGlobalSection
EndGlobal
